
Microsoft Visual Studio Solution File, Format Version 12.00
# Visual Studio Version 16
VisualStudioVersion = 16.0.30330.147
MinimumVisualStudioVersion = 10.0.40219.1
Project("{F184B08F-C81C-45F6-A57F-5ABD9991F28F}") = "SerialKeys", "SerialKeys\SerialKeys.vbproj", "{C3DDBD23-88AA-4293-81F3-6F90861B362B}"
EndProject
Global
	GlobalSection(SolutionConfigurationPlatforms) = preSolution
		Debug|Any CPU = Debug|Any CPU
		Release|Any CPU = Release|Any CPU
	EndGlobalSection
	GlobalSection(ProjectConfigurationPlatforms) = postSolution
		{C3DDBD23-88AA-4293-81F3-6F90861B362B}.Debug|Any CPU.ActiveCfg = Debug|Any CPU
		{C3DDBD23-88AA-4293-81F3-6F90861B362B}.Debug|Any CPU.Build.0 = Debug|Any CPU
		{C3DDBD23-88AA-4293-81F3-6F90861B362B}.Release|Any CPU.ActiveCfg = Release|Any CPU
		{C3DDBD23-88AA-4293-81F3-6F90861B362B}.Release|Any CPU.Build.0 = Release|Any CPU
	EndGlobalSection
	GlobalSection(SolutionProperties) = preSolution
		HideSolutionNode = FALSE
	EndGlobalSection
	GlobalSection(ExtensibilityGlobals) = postSolution
		SolutionGuid = {05BC2B7E-C13E-49A4-9A37-E6A6DCB9DF5A}
	EndGlobalSection
EndGlobal
